{
  "name": "pyxpass-sidecar",
  "version": "1.0.0",
  "lockfileVersion": 3,
  "requires": true,
  "packages": {
    "": {
      "name": "pyxpass-sidecar",
      "version": "1.0.0",
      "license": "ISC",
      "dependencies": {
        "@dashevo/evo-sdk": "^4.1.1",
        "dotenv": "^18.0.5"
      }
    },
    "node_modules/@dashevo/evo-sdk": {
      "version": "4.1.1",
      "resolved": "https://registry.npmjs.org/@dashevo/evo-sdk/-/evo-sdk-4.1.1.tgz",
      "integrity": "sha512-DsfHXlLByyhvAerDknozg0HT4KHNsYP6rEy949aj/KGLLydb9bwJBHOWyn5oDsNR016tvr3oeT/jCkjMA4qoCA==",
      "dependencies": {
        "@dashevo/wasm-sdk": "4.1.1"
      },
      "engines": {
        "node": ">=18.18"
      }
    },
    "node_modules/@dashevo/wasm-sdk": {
      "version": "4.1.1",
      "resolved": "https://registry.npmjs.org/@dashevo/wasm-sdk/-/wasm-sdk-4.1.1.tgz",
      "integrity": "sha512-/be0D7qohZc9fHgYjbtzOg8KOajarzo0NtKCNybv4Z1xeV617Wo0CusnsxCzwbV7C/jDgPJiGel0KtcSTzQcfQ==",
      "engines": {
        "node": ">=18.18"
      }
    },
    "node_modules/dotenv": {
      "version": "18.0.5",
      "resolved": "https://registry.npmjs.org/dotenv/-/dotenv-18.0.5.tgz",
      "integrity": "sha512-aBrGvt6KhjxbEnatqMWOMidftwsrCiCvqh1yNIGB9QyF0J+VcWkKDMsvYOEm7ZS82oiV+BT1sTOtIlAmUlTpwQ==",
      "bin": {
        "dotenv": "dist/index.cjs"
      },
      "engines": {
        "node": ">=12"
      },
      "funding": {
        "url": "https://dotenvx.com"
      }
    }
  }
}
